// !$*UTF8*$!
{
	archiveVersion = 1;
	classes = {
	};
	objectVersion = 48;
	objects = {

/* Begin PBXBuildFile section */
		193ED5612048A2100021B5CB /* SentMemesTableViewController.swift in Sources */ = {isa = PBXBuildFile; fileRef = 193ED5602048A2100021B5CB /* SentMemesTableViewController.swift */; };
		193ED5632048A2FA0021B5CB /* SentMemesCollectionViewController.swift in Sources */ = {isa = PBXBuildFile; fileRef = 193ED5622048A2FA0021B5CB /* SentMemesCollectionViewController.swift */; };
		194C21C12013B28A004952AA /* Impact.ttf in Resources */ = {isa = PBXBuildFile; fileRef = 194C21C02013B28A004952AA /* Impact.ttf */; };
		19B2C0B6204DC1C400486C36 /* MemeDetailViewController.swift in Sources */ = {isa = PBXBuildFile; fileRef = 19B2C0B5204DC1C400486C36 /* MemeDetailViewController.swift */; };
		19C469D9204F260D006C423F /* SentMemeCollectionViewCell.swift in Sources */ = {isa = PBXBuildFile; fileRef = 19C469D8204F260D006C423F /* SentMemeCollectionViewCell.swift */; };
		19D058AE2009142C00CA861E /* AppDelegate.swift in Sources */ = {isa = PBXBuildFile; fileRef = 19D058AD2009142C00CA861E /* AppDelegate.swift */; };
		19D058B02009142C00CA861E /* MemeEditorViewController.swift in Sources */ = {isa = PBXBuildFile; fileRef = 19D058AF2009142C00CA861E /* MemeEditorViewController.swift */; };
		19D058B32009142C00CA861E /* Main.storyboard in Resources */ = {isa = PBXBuildFile; fileRef = 19D058B12009142C00CA861E /* Main.storyboard */; };
		19D058B52009142C00CA861E /* Assets.xcassets in Resources */ = {isa = PBXBuildFile; fileRef = 19D058B42009142C00CA861E /* Assets.xcassets */; };
		19D058B82009142C00CA861E /* LaunchScreen.storyboard in Resources */ = {isa = PBXBuildFile; fileRef = 19D058B62009142C00CA861E /* LaunchScreen.storyboard */; };
		19F9113420153C62000D7F51 /* Meme.swift in Sources */ = {isa = PBXBuildFile; fileRef = 19F9113320153C62000D7F51 /* Meme.swift */; };
/* End PBXBuildFile section */

/* Begin PBXFileReference section */
		193ED5602048A2100021B5CB /* SentMemesTableViewController.swift */ = {isa = PBXFileReference; lastKnownFileType = sourcecode.swift; path = SentMemesTableViewController.swift; sourceTree = "<group>"; };
		193ED5622048A2FA0021B5CB /* SentMemesCollectionViewController.swift */ = {isa = PBXFileReference; lastKnownFileType = sourcecode.swift; path = SentMemesCollectionViewController.swift; sourceTree = "<group>"; };
		194C21C02013B28A004952AA /* Impact.ttf */ = {isa = PBXFileReference; lastKnownFileType = file; path = Impact.ttf; sourceTree = "<group>"; };
		19B2C0B5204DC1C400486C36 /* MemeDetailViewController.swift */ = {isa = PBXFileReference; lastKnownFileType = sourcecode.swift; path = MemeDetailViewController.swift; sourceTree = "<group>"; };
		19C469D8204F260D006C423F /* SentMemeCollectionViewCell.swift */ = {isa = PBXFileReference; lastKnownFileType = sourcecode.swift; path = SentMemeCollectionViewCell.swift; sourceTree = "<group>"; };
		19D058AA2009142C00CA861E /* MemeMe.app */ = {isa = PBXFileReference; explicitFileType = wrapper.application; includeInIndex = 0; path = MemeMe.app; sourceTree = BUILT_PRODUCTS_DIR; };
		19D058AD2009142C00CA861E /* AppDelegate.swift */ = {isa = PBXFileReference; lastKnownFileType = sourcecode.swift; path = AppDelegate.swift; sourceTree = "<group>"; };
		19D058AF2009142C00CA861E /* MemeEditorViewController.swift */ = {isa = PBXFileReference; lastKnownFileType = sourcecode.swift; path = MemeEditorViewController.swift; sourceTree = "<group>"; };
		19D058B22009142C00CA861E /* Base */ = {isa = PBXFileReference; lastKnownFileType = file.storyboard; name = Base; path = Base.lproj/Main.storyboard; sourceTree = "<group>"; };
		19D058B42009142C00CA861E /* Assets.xcassets */ = {isa = PBXFileReference; lastKnownFileType = folder.assetcatalog; path = Assets.xcassets; sourceTree = "<group>"; };
		19D058B72009142C00CA861E /* Base */ = {isa = PBXFileReference; lastKnownFileType = file.storyboard; name = Base; path = Base.lproj/LaunchScreen.storyboard; sourceTree = "<group>"; };
		19D058B92009142C00CA861E /* Info.plist */ = {isa = PBXFileReference; lastKnownFileType = text.plist.xml; path = Info.plist; sourceTree = "<group>"; };
		19F9113320153C62000D7F51 /* Meme.swift */ = {isa = PBXFileReference; lastKnownFileType = sourcecode.swift; path = Meme.swift; sourceTree = "<group>"; };
/* End PBXFileReference section */

/* Begin PBXFrameworksBuildPhase section */
		19D058A72009142C00CA861E /* Frameworks */ = {
			isa = PBXFrameworksBuildPhase;
			buildActionMask = 2147483647;
			files = (
			);
			runOnlyForDeploymentPostprocessing = 0;
		};
/* End PBXFrameworksBuildPhase section */

/* Begin PBXGroup section */
		194C21BE2013B184004952AA /* Resources */ = {
			isa = PBXGroup;
			children = (
				194C21C02013B28A004952AA /* Impact.ttf */,
			);
			path = Resources;
			sourceTree = "<group>";
		};
		19D058A12009142C00CA861E = {
			isa = PBXGroup;
			children = (
				194C21BE2013B184004952AA /* Resources */,
				19D058AC2009142C00CA861E /* MemeMe */,
				19D058AB2009142C00CA861E /* Products */,
			);
			sourceTree = "<group>";
		};
		19D058AB2009142C00CA861E /* Products */ = {
			isa = PBXGroup;
			children = (
				19D058AA2009142C00CA861E /* MemeMe.app */,
			);
			name = Products;
			sourceTree = "<group>";
		};
		19D058AC2009142C00CA861E /* MemeMe */ = {
			isa = PBXGroup;
			children = (
				19D058AD2009142C00CA861E /* AppDelegate.swift */,
				19F9113320153C62000D7F51 /* Meme.swift */,
				19D058AF2009142C00CA861E /* MemeEditorViewController.swift */,
				193ED5622048A2FA0021B5CB /* SentMemesCollectionViewController.swift */,
				193ED5602048A2100021B5CB /* SentMemesTableViewController.swift */,
				19B2C0B5204DC1C400486C36 /* MemeDetailViewController.swift */,
				19C469D8204F260D006C423F /* SentMemeCollectionViewCell.swift */,
				19D058B12009142C00CA861E /* Main.storyboard */,
				19D058B42009142C00CA861E /* Assets.xcassets */,
				19D058B62009142C00CA861E /* LaunchScreen.storyboard */,
				19D058B92009142C00CA861E /* Info.plist */,
			);
			path = MemeMe;
			sourceTree = "<group>";
		};
/* End PBXGroup section */

/* Begin PBXNativeTarget section */
		19D058A92009142C00CA861E /* MemeMe */ = {
			isa = PBXNativeTarget;
			buildConfigurationList = 19D058BC2009142C00CA861E /* Build configuration list for PBXNativeTarget "MemeMe" */;
			buildPhases = (
				19D058A62009142C00CA861E /* Sources */,
				19D058A72009142C00CA861E /* Frameworks */,
				19D058A82009142C00CA861E /* Resources */,
			);
			buildRules = (
			);
			dependencies = (
			);
			name = MemeMe;
			productName = MemeMe;
			productReference = 19D058AA2009142C00CA861E /* MemeMe.app */;
			productType = "com.apple.product-type.application";
		};
/* End PBXNativeTarget section */

/* Begin PBXProject section */
		19D058A22009142C00CA861E /* Project object */ = {
			isa = PBXProject;
			attributes = {
				LastSwiftUpdateCheck = 0920;
				LastUpgradeCheck = 0920;
				ORGANIZATIONNAME = Udacity;
				TargetAttributes = {
					19D058A92009142C00CA861E = {
						CreatedOnToolsVersion = 9.2;
						ProvisioningStyle = Automatic;
					};
				};
			};
			buildConfigurationList = 19D058A52009142C00CA861E /* Build configuration list for PBXProject "MemeMe" */;
			compatibilityVersion = "Xcode 8.0";
			developmentRegion = en;
			hasScannedForEncodings = 0;
			knownRegions = (
				en,
				Base,
			);
			mainGroup = 19D058A12009142C00CA861E;
			productRefGroup = 19D058AB2009142C00CA861E /* Products */;
			projectDirPath = "";
			projectRoot = "";
			targets = (
				19D058A92009142C00CA861E /* MemeMe */,
			);
		};
/* End PBXProject section */

/* Begin PBXResourcesBuildPhase section */
		19D058A82009142C00CA861E /* Resources */ = {
			isa = PBXResourcesBuildPhase;
			buildActionMask = 2147483647;
			files = (
				194C21C12013B28A004952AA /* Impact.ttf in Resources */,
				19D058B82009142C00CA861E /* LaunchScreen.storyboard in Resources */,
				19D058B52009142C00CA861E /* Assets.xcassets in Resources */,
				19D058B32009142C00CA861E /* Main.storyboard in Resources */,
			);
			runOnlyForDeploymentPostprocessing = 0;
		};
/* End PBXResourcesBuildPhase section */

/* Begin PBXSourcesBuildPhase section */
		19D058A62009142C00CA861E /* Sources */ = {
			isa = PBXSourcesBuildPhase;
			buildActionMask = 2147483647;
			files = (
				19F9113420153C62000D7F51 /* Meme.swift in Sources */,
				19D058B02009142C00CA861E /* MemeEditorViewController.swift in Sources */,
				193ED5632048A2FA0021B5CB /* SentMemesCollectionViewController.swift in Sources */,
				19B2C0B6204DC1C400486C36 /* MemeDetailViewController.swift in Sources */,
				19C469D9204F260D006C423F /* SentMemeCollectionViewCell.swift in Sources */,
				19D058AE2009142C00CA861E /* AppDelegate.swift in Sources */,
				193ED5612048A2100021B5CB /* SentMemesTableViewController.swift in Sources */,
			);
			runOnlyForDeploymentPostprocessing = 0;
		};
/* End PBXSourcesBuildPhase section */

/* Begin PBXVariantGroup section */
		19D058B12009142C00CA861E /* Main.storyboard */ = {
			isa = PBXVariantGroup;
			children = (
				19D058B22009142C00CA861E /* Base */,
			);
			name = Main.storyboard;
			sourceTree = "<group>";
		};
		19D058B62009142C00CA861E /* LaunchScreen.storyboard */ = {
			isa = PBXVariantGroup;
			children = (
				19D058B72009142C00CA861E /* Base */,
			);
			name = LaunchScreen.storyboard;
			sourceTree = "<group>";
		};
/* End PBXVariantGroup section */

/* Begin XCBuildConfiguration section */
		19D058BA2009142C00CA861E /* Debug */ = {
			isa = XCBuildConfiguration;
			buildSettings = {
				ALWAYS_SEARCH_USER_PATHS = NO;
				CLANG_ANALYZER_NONNULL = YES;
				CLANG_ANALYZER_NUMBER_OBJECT_CONVERSION = YES_AGGRESSIVE;
				CLANG_CXX_LANGUAGE_STANDARD = "gnu++14";
				CLANG_CXX_LIBRARY = "libc++";
				CLANG_ENABLE_MODULES = YES;
				CLANG_ENABLE_OBJC_ARC = YES;
				CLANG_WARN_BLOCK_CAPTURE_AUTORELEASING = YES;
				CLANG_WARN_BOOL_CONVERSION = YES;
				CLANG_WARN_COMMA = YES;
				CLANG_WARN_CONSTANT_CONVERSION = YES;
				CLANG_WARN_DIRECT_OBJC_ISA_USAGE = YES_ERROR;
				CLANG_WARN_DOCUMENTATION_COMMENTS = YES;
				CLANG_WARN_EMPTY_BODY = YES;
				CLANG_WARN_ENUM_CONVERSION = YES;
				CLANG_WARN_INFINITE_RECURSION = YES;
				CLANG_WARN_INT_CONVERSION = YES;
				CLANG_WARN_NON_LITERAL_NULL_CONVERSION = YES;
				CLANG_WARN_OBJC_LITERAL_CONVERSION = YES;
				CLANG_WARN_OBJC_ROOT_CLASS = YES_ERROR;
				CLANG_WARN_RANGE_LOOP_ANALYSIS = YES;
				CLANG_WARN_STRICT_PROTOTYPES = YES;
				CLANG_WARN_SUSPICIOUS_MOVE = YES;
				CLANG_WARN_UNGUARDED_AVAILABILITY = YES_AGGRESSIVE;
				CLANG_WARN_UNREACHABLE_CODE = YES;
				CLANG_WARN__DUPLICATE_METHOD_MATCH = YES;
				CODE_SIGN_IDENTITY = "iPhone Developer";
				COPY_PHASE_STRIP = NO;
				DEBUG_INFORMATION_FORMAT = dwarf;
				ENABLE_STRICT_OBJC_MSGSEND = YES;
				ENABLE_TESTABILITY = YES;
				GCC_C_LANGUAGE_STANDARD = gnu11;
				GCC_DYNAMIC_NO_PIC = NO;
				GCC_NO_COMMON_BLOCKS = YES;
				GCC_OPTIMIZATION_LEVEL = 0;
				GCC_PREPROCESSOR_DEFINITIONS = (
					"DEBUG=1",
					"$(inherited)",
				);
				GCC_WARN_64_TO_32_BIT_CONVERSION = YES;
				GCC_WARN_ABOUT_RETURN_TYPE = YES_ERROR;
				GCC_WARN_UNDECLARED_SELECTOR = YES;
				GCC_WARN_UNINITIALIZED_AUTOS = YES_AGGRESSIVE;
				GCC_WARN_UNUSED_FUNCTION = YES;
				GCC_WARN_UNUSED_VARIABLE = YES;
				IPHONEOS_DEPLOYMENT_TARGET = 11.2;
				MTL_ENABLE_DEBUG_INFO = YES;
				ONLY_ACTIVE_ARCH = YES;
				SDKROOT = iphoneos;
				SWIFT_ACTIVE_COMPILATION_CONDITIONS = DEBUG;
				SWIFT_OPTIMIZATION_LEVEL = "-Onone";
			};
			name = Debug;
		};
		19D058BB2009142C00CA861E /* Release */ = {
			isa = XCBuildConfiguration;
			buildSettings = {
				ALWAYS_SEARCH_USER_PATHS = NO;
				CLANG_ANALYZER_NONNULL = YES;
				CLANG_ANALYZER_NUMBER_OBJECT_CONVERSION = YES_AGGRESSIVE;
				CLANG_CXX_LANGUAGE_STANDARD = "gnu++14";
				CLANG_CXX_LIBRARY = "libc++";
				CLANG_ENABLE_MODULES = YES;
				CLANG_ENABLE_OBJC_ARC = YES;
				CLANG_WARN_BLOCK_CAPTURE_AUTORELEASING = YES;
				CLANG_WARN_BOOL_CONVERSION = YES;
				CLANG_WARN_COMMA = YES;
				CLANG_WARN_CONSTANT_CONVERSION = YES;
				CLANG_WARN_DIRECT_OBJC_ISA_USAGE = YES_ERROR;
				CLANG_WARN_DOCUMENTATION_COMMENTS = YES;
				CLANG_WARN_EMPTY_BODY = YES;
				CLANG_WARN_ENUM_CONVERSION = YES;
				CLANG_WARN_INFINITE_RECURSION = YES;
				CLANG_WARN_INT_CONVERSION = YES;
				CLANG_WARN_NON_LITERAL_NULL_CONVERSION = YES;
				CLANG_WARN_OBJC_LITERAL_CONVERSION = YES;
				CLANG_WARN_OBJC_ROOT_CLASS = YES_ERROR;
				CLANG_WARN_RANGE_LOOP_ANALYSIS = YES;
				CLANG_WARN_STRICT_PROTOTYPES = YES;
				CLANG_WARN_SUSPICIOUS_MOVE = YES;
				CLANG_WARN_UNGUARDED_AVAILABILITY = YES_AGGRESSIVE;
				CLANG_WARN_UNREACHABLE_CODE = YES;
				CLANG_WARN__DUPLICATE_METHOD_MATCH = YES;
				CODE_SIGN_IDENTITY = "iPhone Developer";
				COPY_PHASE_STRIP = NO;
				DEBUG_INFORMATION_FORMAT = "dwarf-with-dsym";
				ENABLE_NS_ASSERTIONS = NO;
				ENABLE_STRICT_OBJC_MSGSEND = YES;
				GCC_C_LANGUAGE_STANDARD = gnu11;
				GCC_NO_COMMON_BLOCKS = YES;
				GCC_WARN_64_TO_32_BIT_CONVERSION = YES;
				GCC_WARN_ABOUT_RETURN_TYPE = YES_ERROR;
				GCC_WARN_UNDECLARED_SELECTOR = YES;
				GCC_WARN_UNINITIALIZED_AUTOS = YES_AGGRESSIVE;
				GCC_WARN_UNUSED_FUNCTION = YES;
				GCC_WARN_UNUSED_VARIABLE = YES;
				IPHONEOS_DEPLOYMENT_TARGET = 11.2;
				MTL_ENABLE_DEBUG_INFO = NO;
				SDKROOT = iphoneos;
				SWIFT_OPTIMIZATION_LEVEL = "-Owholemodule";
				VALIDATE_PRODUCT = YES;
			};
			name = Release;
		};
		19D058BD2009142C00CA861E /* Debug */ = {
			isa = XCBuildConfiguration;
			buildSettings = {
				ASSETCATALOG_COMPILER_APPICON_NAME = AppIcon;
				ASSETCATALOG_COMPILER_LAUNCHIMAGE_NAME = LaunchImage;
				CODE_SIGN_STYLE = Automatic;
				DEVELOPMENT_TEAM = X28W42Z6X6;
				INFOPLIST_FILE = MemeMe/Info.plist;
				LD_RUNPATH_SEARCH_PATHS = "$(inherited) @executable_path/Frameworks";
				PRODUCT_BUNDLE_IDENTIFIER = com.udacity.MemeMe;
				PRODUCT_NAME = "$(TARGET_NAME)";
				SWIFT_VERSION = 4.0;
				TARGETED_DEVICE_FAMILY = "1,2";
			};
			name = Debug;
		};
		19D058BE2009142C00CA861E /* Release */ = {
			isa = XCBuildConfiguration;
			buildSettings = {
				ASSETCATALOG_COMPILER_APPICON_NAME = AppIcon;
				ASSETCATALOG_COMPILER_LAUNCHIMAGE_NAME = LaunchImage;
				CODE_SIGN_STYLE = Automatic;
				DEVELOPMENT_TEAM = X28W42Z6X6;
				INFOPLIST_FILE = MemeMe/Info.plist;
				LD_RUNPATH_SEARCH_PATHS = "$(inherited) @executable_path/Frameworks";
				PRODUCT_BUNDLE_IDENTIFIER = com.udacity.MemeMe;
				PRODUCT_NAME = "$(TARGET_NAME)";
				SWIFT_VERSION = 4.0;
				TARGETED_DEVICE_FAMILY = "1,2";
			};
			name = Release;
		};
/* End XCBuildConfiguration section */

/* Begin XCConfigurationList section */
		19D058A52009142C00CA861E /* Build configuration list for PBXProject "MemeMe" */ = {
			isa = XCConfigurationList;
			buildConfigurations = (
				19D058BA2009142C00CA861E /* Debug */,
				19D058BB2009142C00CA861E /* Release */,
			);
			defaultConfigurationIsVisible = 0;
			defaultConfigurationName = Release;
		};
		19D058BC2009142C00CA861E /* Build configuration list for PBXNativeTarget "MemeMe" */ = {
			isa = XCConfigurationList;
			buildConfigurations = (
				19D058BD2009142C00CA861E /* Debug */,
				19D058BE2009142C00CA861E /* Release */,
			);
			defaultConfigurationIsVisible = 0;
			defaultConfigurationName = Release;
		};
/* End XCConfigurationList section */
	};
	rootObject = 19D058A22009142C00CA861E /* Project object */;
}
